
Microsoft Visual Studio Solution File, Format Version 12.00
# Visual Studio Version 16
VisualStudioVersion = 16.0.29519.87
MinimumVisualStudioVersion = 10.0.40219.1
Project("{FAE04EC0-301F-11D3-BF4B-00C04F79EFBC}") = "CommunityDKPBidHistory", "CommunityDKPBidHistory\CommunityDKPBidHistory.csproj", "{68B779F5-6D7D-4DFC-899B-22E67189EC1C}"
EndProject
Project("{FAE04EC0-301F-11D3-BF4B-00C04F79EFBC}") = "BPUtil", "..\BPUtil\BPUtil\BPUtil.csproj", "{A4981D8D-DEBF-4B34-B9CE-FF25520A02B7}"
EndProject
Project("{FAE04EC0-301F-11D3-BF4B-00C04F79EFBC}") = "IngestDKPFile", "IngestDKPFile\IngestDKPFile.csproj", "{7E969F38-6E2A-4BBD-8D68-760AD59FFA88}"
EndProject
Global
	GlobalSection(SolutionConfigurationPlatforms) = preSolution
		Debug|Any CPU = Debug|Any CPU
		Release|Any CPU = Release|Any CPU
	EndGlobalSection
	GlobalSection(ProjectConfigurationPlatforms) = postSolution
		{68B779F5-6D7D-4DFC-899B-22E67189EC1C}.Debug|Any CPU.ActiveCfg = Debug|Any CPU
		{68B779F5-6D7D-4DFC-899B-22E67189EC1C}.Debug|Any CPU.Build.0 = Debug|Any CPU
		{68B779F5-6D7D-4DFC-899B-22E67189EC1C}.Release|Any CPU.ActiveCfg = Release|Any CPU
		{68B779F5-6D7D-4DFC-899B-22E67189EC1C}.Release|Any CPU.Build.0 = Release|Any CPU
		{A4981D8D-DEBF-4B34-B9CE-FF25520A02B7}.Debug|Any CPU.ActiveCfg = Debug|Any CPU
		{A4981D8D-DEBF-4B34-B9CE-FF25520A02B7}.Debug|Any CPU.Build.0 = Debug|Any CPU
		{A4981D8D-DEBF-4B34-B9CE-FF25520A02B7}.Release|Any CPU.ActiveCfg = Release|Any CPU
		{A4981D8D-DEBF-4B34-B9CE-FF25520A02B7}.Release|Any CPU.Build.0 = Release|Any CPU
		{7E969F38-6E2A-4BBD-8D68-760AD59FFA88}.Debug|Any CPU.ActiveCfg = Debug|Any CPU
		{7E969F38-6E2A-4BBD-8D68-760AD59FFA88}.Debug|Any CPU.Build.0 = Debug|Any CPU
		{7E969F38-6E2A-4BBD-8D68-760AD59FFA88}.Release|Any CPU.ActiveCfg = Release|Any CPU
		{7E969F38-6E2A-4BBD-8D68-760AD59FFA88}.Release|Any CPU.Build.0 = Release|Any CPU
	EndGlobalSection
	GlobalSection(SolutionProperties) = preSolution
		HideSolutionNode = FALSE
	EndGlobalSection
	GlobalSection(ExtensibilityGlobals) = postSolution
		SolutionGuid = {B4DD4E50-7A77-4F69-8B8B-5C37841DDF12}
	EndGlobalSection
EndGlobal
